// !$*UTF8*$!
{
	archiveVersion = 1;
	classes = {
	};
	objectVersion = 56;
	objects = {

/* Begin PBXBuildFile section */
		F4A9432F2A08EF22002E979D /* CarouselsApp.swift in Sources */ = {isa = PBXBuildFile; fileRef = F4A9432E2A08EF22002E979D /* CarouselsApp.swift */; };
		F4A943312A08EF22002E979D /* ContentView.swift in Sources */ = {isa = PBXBuildFile; fileRef = F4A943302A08EF22002E979D /* ContentView.swift */; };
		F4A943332A08EF27002E979D /* Assets.xcassets in Resources */ = {isa = PBXBuildFile; fileRef = F4A943322A08EF27002E979D /* Assets.xcassets */; };
		F4A943362A08EF27002E979D /* Preview Assets.xcassets in Resources */ = {isa = PBXBuildFile; fileRef = F4A943352A08EF27002E979D /* Preview Assets.xcassets */; };
		F4A943402A08EF28002E979D /* CarouselsTests.swift in Sources */ = {isa = PBXBuildFile; fileRef = F4A9433F2A08EF28002E979D /* CarouselsTests.swift */; };
		F4A9434A2A08EF28002E979D /* CarouselsUITests.swift in Sources */ = {isa = PBXBuildFile; fileRef = F4A943492A08EF28002E979D /* CarouselsUITests.swift */; };
		F4A9434C2A08EF28002E979D /* CarouselsUITestsLaunchTests.swift in Sources */ = {isa = PBXBuildFile; fileRef = F4A9434B2A08EF28002E979D /* CarouselsUITestsLaunchTests.swift */; };
		F4A9435A2A08F1B3002E979D /* HomeView.swift in Sources */ = {isa = PBXBuildFile; fileRef = F4A943592A08F1B3002E979D /* HomeView.swift */; };
		F4A9435C2A08F1C8002E979D /* InfiniteCarousel.swift in Sources */ = {isa = PBXBuildFile; fileRef = F4A9435B2A08F1C8002E979D /* InfiniteCarousel.swift */; };
		F4A9435F2A08F40B002E979D /* PageControls.swift in Sources */ = {isa = PBXBuildFile; fileRef = F4A9435E2A08F40B002E979D /* PageControls.swift */; };
/* End PBXBuildFile section */

/* Begin PBXContainerItemProxy section */
		F4A9433C2A08EF28002E979D /* PBXContainerItemProxy */ = {
			isa = PBXContainerItemProxy;
			containerPortal = F4A943232A08EF22002E979D /* Project object */;
			proxyType = 1;
			remoteGlobalIDString = F4A9432A2A08EF22002E979D;
			remoteInfo = Carousels;
		};
		F4A943462A08EF28002E979D /* PBXContainerItemProxy */ = {
			isa = PBXContainerItemProxy;
			containerPortal = F4A943232A08EF22002E979D /* Project object */;
			proxyType = 1;
			remoteGlobalIDString = F4A9432A2A08EF22002E979D;
			remoteInfo = Carousels;
		};
/* End PBXContainerItemProxy section */

/* Begin PBXFileReference section */
		F4A9432B2A08EF22002E979D /* Carousels.app */ = {isa = PBXFileReference; explicitFileType = wrapper.application; includeInIndex = 0; path = Carousels.app; sourceTree = BUILT_PRODUCTS_DIR; };
		F4A9432E2A08EF22002E979D /* CarouselsApp.swift */ = {isa = PBXFileReference; lastKnownFileType = sourcecode.swift; path = CarouselsApp.swift; sourceTree = "<group>"; };
		F4A943302A08EF22002E979D /* ContentView.swift */ = {isa = PBXFileReference; lastKnownFileType = sourcecode.swift; path = ContentView.swift; sourceTree = "<group>"; };
		F4A943322A08EF27002E979D /* Assets.xcassets */ = {isa = PBXFileReference; lastKnownFileType = folder.assetcatalog; path = Assets.xcassets; sourceTree = "<group>"; };
		F4A943352A08EF27002E979D /* Preview Assets.xcassets */ = {isa = PBXFileReference; lastKnownFileType = folder.assetcatalog; path = "Preview Assets.xcassets"; sourceTree = "<group>"; };
		F4A9433B2A08EF28002E979D /* CarouselsTests.xctest */ = {isa = PBXFileReference; explicitFileType = wrapper.cfbundle; includeInIndex = 0; path = CarouselsTests.xctest; sourceTree = BUILT_PRODUCTS_DIR; };
		F4A9433F2A08EF28002E979D /* CarouselsTests.swift */ = {isa = PBXFileReference; lastKnownFileType = sourcecode.swift; path = CarouselsTests.swift; sourceTree = "<group>"; };
		F4A943452A08EF28002E979D /* CarouselsUITests.xctest */ = {isa = PBXFileReference; explicitFileType = wrapper.cfbundle; includeInIndex = 0; path = CarouselsUITests.xctest; sourceTree = BUILT_PRODUCTS_DIR; };
		F4A943492A08EF28002E979D /* CarouselsUITests.swift */ = {isa = PBXFileReference; lastKnownFileType = sourcecode.swift; path = CarouselsUITests.swift; sourceTree = "<group>"; };
		F4A9434B2A08EF28002E979D /* CarouselsUITestsLaunchTests.swift */ = {isa = PBXFileReference; lastKnownFileType = sourcecode.swift; path = CarouselsUITestsLaunchTests.swift; sourceTree = "<group>"; };
		F4A943592A08F1B3002E979D /* HomeView.swift */ = {isa = PBXFileReference; lastKnownFileType = sourcecode.swift; path = HomeView.swift; sourceTree = "<group>"; };
		F4A9435B2A08F1C8002E979D /* InfiniteCarousel.swift */ = {isa = PBXFileReference; lastKnownFileType = sourcecode.swift; path = InfiniteCarousel.swift; sourceTree = "<group>"; };
		F4A9435E2A08F40B002E979D /* PageControls.swift */ = {isa = PBXFileReference; lastKnownFileType = sourcecode.swift; path = PageControls.swift; sourceTree = "<group>"; };
/* End PBXFileReference section */

/* Begin PBXFrameworksBuildPhase section */
		F4A943282A08EF22002E979D /* Frameworks */ = {
			isa = PBXFrameworksBuildPhase;
			buildActionMask = 2147483647;
			files = (
			);
			runOnlyForDeploymentPostprocessing = 0;
		};
		F4A943382A08EF28002E979D /* Frameworks */ = {
			isa = PBXFrameworksBuildPhase;
			buildActionMask = 2147483647;
			files = (
			);
			runOnlyForDeploymentPostprocessing = 0;
		};
		F4A943422A08EF28002E979D /* Frameworks */ = {
			isa = PBXFrameworksBuildPhase;
			buildActionMask = 2147483647;
			files = (
			);
			runOnlyForDeploymentPostprocessing = 0;
		};
/* End PBXFrameworksBuildPhase section */

/* Begin PBXGroup section */
		F4A943222A08EF22002E979D = {
			isa = PBXGroup;
			children = (
				F4A9432D2A08EF22002E979D /* Carousels */,
				F4A9433E2A08EF28002E979D /* CarouselsTests */,
				F4A943482A08EF28002E979D /* CarouselsUITests */,
				F4A9432C2A08EF22002E979D /* Products */,
			);
			sourceTree = "<group>";
		};
		F4A9432C2A08EF22002E979D /* Products */ = {
			isa = PBXGroup;
			children = (
				F4A9432B2A08EF22002E979D /* Carousels.app */,
				F4A9433B2A08EF28002E979D /* CarouselsTests.xctest */,
				F4A943452A08EF28002E979D /* CarouselsUITests.xctest */,
			);
			name = Products;
			sourceTree = "<group>";
		};
		F4A9432D2A08EF22002E979D /* Carousels */ = {
			isa = PBXGroup;
			children = (
				F4A9435D2A08F3F4002E979D /* PageControlls */,
				F4A943582A08F197002E979D /* Carousel */,
				F4A9432E2A08EF22002E979D /* CarouselsApp.swift */,
				F4A943592A08F1B3002E979D /* HomeView.swift */,
				F4A943302A08EF22002E979D /* ContentView.swift */,
				F4A943322A08EF27002E979D /* Assets.xcassets */,
				F4A943342A08EF27002E979D /* Preview Content */,
			);
			path = Carousels;
			sourceTree = "<group>";
		};
		F4A943342A08EF27002E979D /* Preview Content */ = {
			isa = PBXGroup;
			children = (
				F4A943352A08EF27002E979D /* Preview Assets.xcassets */,
			);
			path = "Preview Content";
			sourceTree = "<group>";
		};
		F4A9433E2A08EF28002E979D /* CarouselsTests */ = {
			isa = PBXGroup;
			children = (
				F4A9433F2A08EF28002E979D /* CarouselsTests.swift */,
			);
			path = CarouselsTests;
			sourceTree = "<group>";
		};
		F4A943482A08EF28002E979D /* CarouselsUITests */ = {
			isa = PBXGroup;
			children = (
				F4A943492A08EF28002E979D /* CarouselsUITests.swift */,
				F4A9434B2A08EF28002E979D /* CarouselsUITestsLaunchTests.swift */,
			);
			path = CarouselsUITests;
			sourceTree = "<group>";
		};
		F4A943582A08F197002E979D /* Carousel */ = {
			isa = PBXGroup;
			children = (
				F4A9435B2A08F1C8002E979D /* InfiniteCarousel.swift */,
			);
			path = Carousel;
			sourceTree = "<group>";
		};
		F4A9435D2A08F3F4002E979D /* PageControlls */ = {
			isa = PBXGroup;
			children = (
				F4A9435E2A08F40B002E979D /* PageControls.swift */,
			);
			path = PageControlls;
			sourceTree = "<group>";
		};
/* End PBXGroup section */

/* Begin PBXNativeTarget section */
		F4A9432A2A08EF22002E979D /* Carousels */ = {
			isa = PBXNativeTarget;
			buildConfigurationList = F4A9434F2A08EF28002E979D /* Build configuration list for PBXNativeTarget "Carousels" */;
			buildPhases = (
				F4A943272A08EF22002E979D /* Sources */,
				F4A943282A08EF22002E979D /* Frameworks */,
				F4A943292A08EF22002E979D /* Resources */,
			);
			buildRules = (
			);
			dependencies = (
			);
			name = Carousels;
			productName = Carousels;
			productReference = F4A9432B2A08EF22002E979D /* Carousels.app */;
			productType = "com.apple.product-type.application";
		};
		F4A9433A2A08EF28002E979D /* CarouselsTests */ = {
			isa = PBXNativeTarget;
			buildConfigurationList = F4A943522A08EF28002E979D /* Build configuration list for PBXNativeTarget "CarouselsTests" */;
			buildPhases = (
				F4A943372A08EF28002E979D /* Sources */,
				F4A943382A08EF28002E979D /* Frameworks */,
				F4A943392A08EF28002E979D /* Resources */,
			);
			buildRules = (
			);
			dependencies = (
				F4A9433D2A08EF28002E979D /* PBXTargetDependency */,
			);
			name = CarouselsTests;
			productName = CarouselsTests;
			productReference = F4A9433B2A08EF28002E979D /* CarouselsTests.xctest */;
			productType = "com.apple.product-type.bundle.unit-test";
		};
		F4A943442A08EF28002E979D /* CarouselsUITests */ = {
			isa = PBXNativeTarget;
			buildConfigurationList = F4A943552A08EF28002E979D /* Build configuration list for PBXNativeTarget "CarouselsUITests" */;
			buildPhases = (
				F4A943412A08EF28002E979D /* Sources */,
				F4A943422A08EF28002E979D /* Frameworks */,
				F4A943432A08EF28002E979D /* Resources */,
			);
			buildRules = (
			);
			dependencies = (
				F4A943472A08EF28002E979D /* PBXTargetDependency */,
			);
			name = CarouselsUITests;
			productName = CarouselsUITests;
			productReference = F4A943452A08EF28002E979D /* CarouselsUITests.xctest */;
			productType = "com.apple.product-type.bundle.ui-testing";
		};
/* End PBXNativeTarget section */

/* Begin PBXProject section */
		F4A943232A08EF22002E979D /* Project object */ = {
			isa = PBXProject;
			attributes = {
				BuildIndependentTargetsInParallel = 1;
				LastSwiftUpdateCheck = 1420;
				LastUpgradeCheck = 1420;
				TargetAttributes = {
					F4A9432A2A08EF22002E979D = {
						CreatedOnToolsVersion = 14.2;
					};
					F4A9433A2A08EF28002E979D = {
						CreatedOnToolsVersion = 14.2;
						TestTargetID = F4A9432A2A08EF22002E979D;
					};
					F4A943442A08EF28002E979D = {
						CreatedOnToolsVersion = 14.2;
						TestTargetID = F4A9432A2A08EF22002E979D;
					};
				};
			};
			buildConfigurationList = F4A943262A08EF22002E979D /* Build configuration list for PBXProject "Carousels" */;
			compatibilityVersion = "Xcode 14.0";
			developmentRegion = en;
			hasScannedForEncodings = 0;
			knownRegions = (
				en,
				Base,
			);
			mainGroup = F4A943222A08EF22002E979D;
			productRefGroup = F4A9432C2A08EF22002E979D /* Products */;
			projectDirPath = "";
			projectRoot = "";
			targets = (
				F4A9432A2A08EF22002E979D /* Carousels */,
				F4A9433A2A08EF28002E979D /* CarouselsTests */,
				F4A943442A08EF28002E979D /* CarouselsUITests */,
			);
		};
/* End PBXProject section */

/* Begin PBXResourcesBuildPhase section */
		F4A943292A08EF22002E979D /* Resources */ = {
			isa = PBXResourcesBuildPhase;
			buildActionMask = 2147483647;
			files = (
				F4A943362A08EF27002E979D /* Preview Assets.xcassets in Resources */,
				F4A943332A08EF27002E979D /* Assets.xcassets in Resources */,
			);
			runOnlyForDeploymentPostprocessing = 0;
		};
		F4A943392A08EF28002E979D /* Resources */ = {
			isa = PBXResourcesBuildPhase;
			buildActionMask = 2147483647;
			files = (
			);
			runOnlyForDeploymentPostprocessing = 0;
		};
		F4A943432A08EF28002E979D /* Resources */ = {
			isa = PBXResourcesBuildPhase;
			buildActionMask = 2147483647;
			files = (
			);
			runOnlyForDeploymentPostprocessing = 0;
		};
/* End PBXResourcesBuildPhase section */

/* Begin PBXSourcesBuildPhase section */
		F4A943272A08EF22002E979D /* Sources */ = {
			isa = PBXSourcesBuildPhase;
			buildActionMask = 2147483647;
			files = (
				F4A9435A2A08F1B3002E979D /* HomeView.swift in Sources */,
				F4A9435F2A08F40B002E979D /* PageControls.swift in Sources */,
				F4A9435C2A08F1C8002E979D /* InfiniteCarousel.swift in Sources */,
				F4A943312A08EF22002E979D /* ContentView.swift in Sources */,
				F4A9432F2A08EF22002E979D /* CarouselsApp.swift in Sources */,
			);
			runOnlyForDeploymentPostprocessing = 0;
		};
		F4A943372A08EF28002E979D /* Sources */ = {
			isa = PBXSourcesBuildPhase;
			buildActionMask = 2147483647;
			files = (
				F4A943402A08EF28002E979D /* CarouselsTests.swift in Sources */,
			);
			runOnlyForDeploymentPostprocessing = 0;
		};
		F4A943412A08EF28002E979D /* Sources */ = {
			isa = PBXSourcesBuildPhase;
			buildActionMask = 2147483647;
			files = (
				F4A9434C2A08EF28002E979D /* CarouselsUITestsLaunchTests.swift in Sources */,
				F4A9434A2A08EF28002E979D /* CarouselsUITests.swift in Sources */,
			);
			runOnlyForDeploymentPostprocessing = 0;
		};
/* End PBXSourcesBuildPhase section */

/* Begin PBXTargetDependency section */
		F4A9433D2A08EF28002E979D /* PBXTargetDependency */ = {
			isa = PBXTargetDependency;
			target = F4A9432A2A08EF22002E979D /* Carousels */;
			targetProxy = F4A9433C2A08EF28002E979D /* PBXContainerItemProxy */;
		};
		F4A943472A08EF28002E979D /* PBXTargetDependency */ = {
			isa = PBXTargetDependency;
			target = F4A9432A2A08EF22002E979D /* Carousels */;
			targetProxy = F4A943462A08EF28002E979D /* PBXContainerItemProxy */;
		};
/* End PBXTargetDependency section */

/* Begin XCBuildConfiguration section */
		F4A9434D2A08EF28002E979D /* Debug */ = {
			isa = XCBuildConfiguration;
			buildSettings = {
				ALWAYS_SEARCH_USER_PATHS = NO;
				CLANG_ANALYZER_NONNULL = YES;
				CLANG_ANALYZER_NUMBER_OBJECT_CONVERSION = YES_AGGRESSIVE;
				CLANG_CXX_LANGUAGE_STANDARD = "gnu++20";
				CLANG_ENABLE_MODULES = YES;
				CLANG_ENABLE_OBJC_ARC = YES;
				CLANG_ENABLE_OBJC_WEAK = YES;
				CLANG_WARN_BLOCK_CAPTURE_AUTORELEASING = YES;
				CLANG_WARN_BOOL_CONVERSION = YES;
				CLANG_WARN_COMMA = YES;
				CLANG_WARN_CONSTANT_CONVERSION = YES;
				CLANG_WARN_DEPRECATED_OBJC_IMPLEMENTATIONS = YES;
				CLANG_WARN_DIRECT_OBJC_ISA_USAGE = YES_ERROR;
				CLANG_WARN_DOCUMENTATION_COMMENTS = YES;
				CLANG_WARN_EMPTY_BODY = YES;
				CLANG_WARN_ENUM_CONVERSION = YES;
				CLANG_WARN_INFINITE_RECURSION = YES;
				CLANG_WARN_INT_CONVERSION = YES;
				CLANG_WARN_NON_LITERAL_NULL_CONVERSION = YES;
				CLANG_WARN_OBJC_IMPLICIT_RETAIN_SELF = YES;
				CLANG_WARN_OBJC_LITERAL_CONVERSION = YES;
				CLANG_WARN_OBJC_ROOT_CLASS = YES_ERROR;
				CLANG_WARN_QUOTED_INCLUDE_IN_FRAMEWORK_HEADER = YES;
				CLANG_WARN_RANGE_LOOP_ANALYSIS = YES;
				CLANG_WARN_STRICT_PROTOTYPES = YES;
				CLANG_WARN_SUSPICIOUS_MOVE = YES;
				CLANG_WARN_UNGUARDED_AVAILABILITY = YES_AGGRESSIVE;
				CLANG_WARN_UNREACHABLE_CODE = YES;
				CLANG_WARN__DUPLICATE_METHOD_MATCH = YES;
				COPY_PHASE_STRIP = NO;
				DEBUG_INFORMATION_FORMAT = dwarf;
				ENABLE_STRICT_OBJC_MSGSEND = YES;
				ENABLE_TESTABILITY = YES;
				GCC_C_LANGUAGE_STANDARD = gnu11;
				GCC_DYNAMIC_NO_PIC = NO;
				GCC_NO_COMMON_BLOCKS = YES;
				GCC_OPTIMIZATION_LEVEL = 0;
				GCC_PREPROCESSOR_DEFINITIONS = (
					"DEBUG=1",
					"$(inherited)",
				);
				GCC_WARN_64_TO_32_BIT_CONVERSION = YES;
				GCC_WARN_ABOUT_RETURN_TYPE = YES_ERROR;
				GCC_WARN_UNDECLARED_SELECTOR = YES;
				GCC_WARN_UNINITIALIZED_AUTOS = YES_AGGRESSIVE;
				GCC_WARN_UNUSED_FUNCTION = YES;
				GCC_WARN_UNUSED_VARIABLE = YES;
				IPHONEOS_DEPLOYMENT_TARGET = 16.2;
				MTL_ENABLE_DEBUG_INFO = INCLUDE_SOURCE;
				MTL_FAST_MATH = YES;
				ONLY_ACTIVE_ARCH = YES;
				SDKROOT = iphoneos;
				SWIFT_ACTIVE_COMPILATION_CONDITIONS = DEBUG;
				SWIFT_OPTIMIZATION_LEVEL = "-Onone";
			};
			name = Debug;
		};
		F4A9434E2A08EF28002E979D /* Release */ = {
			isa = XCBuildConfiguration;
			buildSettings = {
				ALWAYS_SEARCH_USER_PATHS = NO;
				CLANG_ANALYZER_NONNULL = YES;
				CLANG_ANALYZER_NUMBER_OBJECT_CONVERSION = YES_AGGRESSIVE;
				CLANG_CXX_LANGUAGE_STANDARD = "gnu++20";
				CLANG_ENABLE_MODULES = YES;
				CLANG_ENABLE_OBJC_ARC = YES;
				CLANG_ENABLE_OBJC_WEAK = YES;
				CLANG_WARN_BLOCK_CAPTURE_AUTORELEASING = YES;
				CLANG_WARN_BOOL_CONVERSION = YES;
				CLANG_WARN_COMMA = YES;
				CLANG_WARN_CONSTANT_CONVERSION = YES;
				CLANG_WARN_DEPRECATED_OBJC_IMPLEMENTATIONS = YES;
				CLANG_WARN_DIRECT_OBJC_ISA_USAGE = YES_ERROR;
				CLANG_WARN_DOCUMENTATION_COMMENTS = YES;
				CLANG_WARN_EMPTY_BODY = YES;
				CLANG_WARN_ENUM_CONVERSION = YES;
				CLANG_WARN_INFINITE_RECURSION = YES;
				CLANG_WARN_INT_CONVERSION = YES;
				CLANG_WARN_NON_LITERAL_NULL_CONVERSION = YES;
				CLANG_WARN_OBJC_IMPLICIT_RETAIN_SELF = YES;
				CLANG_WARN_OBJC_LITERAL_CONVERSION = YES;
				CLANG_WARN_OBJC_ROOT_CLASS = YES_ERROR;
				CLANG_WARN_QUOTED_INCLUDE_IN_FRAMEWORK_HEADER = YES;
				CLANG_WARN_RANGE_LOOP_ANALYSIS = YES;
				CLANG_WARN_STRICT_PROTOTYPES = YES;
				CLANG_WARN_SUSPICIOUS_MOVE = YES;
				CLANG_WARN_UNGUARDED_AVAILABILITY = YES_AGGRESSIVE;
				CLANG_WARN_UNREACHABLE_CODE = YES;
				CLANG_WARN__DUPLICATE_METHOD_MATCH = YES;
				COPY_PHASE_STRIP = NO;
				DEBUG_INFORMATION_FORMAT = "dwarf-with-dsym";
				ENABLE_NS_ASSERTIONS = NO;
				ENABLE_STRICT_OBJC_MSGSEND = YES;
				GCC_C_LANGUAGE_STANDARD = gnu11;
				GCC_NO_COMMON_BLOCKS = YES;
				GCC_WARN_64_TO_32_BIT_CONVERSION = YES;
				GCC_WARN_ABOUT_RETURN_TYPE = YES_ERROR;
				GCC_WARN_UNDECLARED_SELECTOR = YES;
				GCC_WARN_UNINITIALIZED_AUTOS = YES_AGGRESSIVE;
				GCC_WARN_UNUSED_FUNCTION = YES;
				GCC_WARN_UNUSED_VARIABLE = YES;
				IPHONEOS_DEPLOYMENT_TARGET = 16.2;
				MTL_ENABLE_DEBUG_INFO = NO;
				MTL_FAST_MATH = YES;
				SDKROOT = iphoneos;
				SWIFT_COMPILATION_MODE = wholemodule;
				SWIFT_OPTIMIZATION_LEVEL = "-O";
				VALIDATE_PRODUCT = YES;
			};
			name = Release;
		};
		F4A943502A08EF28002E979D /* Debug */ = {
			isa = XCBuildConfiguration;
			buildSettings = {
				ASSETCATALOG_COMPILER_APPICON_NAME = AppIcon;
				ASSETCATALOG_COMPILER_GLOBAL_ACCENT_COLOR_NAME = AccentColor;
				CODE_SIGN_STYLE = Automatic;
				CURRENT_PROJECT_VERSION = 1;
				DEVELOPMENT_ASSET_PATHS = "\"Carousels/Preview Content\"";
				DEVELOPMENT_TEAM = N2987QJ72C;
				ENABLE_PREVIEWS = YES;
				GENERATE_INFOPLIST_FILE = YES;
				INFOPLIST_KEY_UIApplicationSceneManifest_Generation = YES;
				INFOPLIST_KEY_UIApplicationSupportsIndirectInputEvents = YES;
				INFOPLIST_KEY_UILaunchScreen_Generation = YES;
				INFOPLIST_KEY_UISupportedInterfaceOrientations_iPad = "UIInterfaceOrientationPortrait UIInterfaceOrientationPortraitUpsideDown UIInterfaceOrientationLandscapeLeft UIInterfaceOrientationLandscapeRight";
				INFOPLIST_KEY_UISupportedInterfaceOrientations_iPhone = "UIInterfaceOrientationPortrait UIInterfaceOrientationLandscapeLeft UIInterfaceOrientationLandscapeRight";
				LD_RUNPATH_SEARCH_PATHS = (
					"$(inherited)",
					"@executable_path/Frameworks",
				);
				MARKETING_VERSION = 1.0;
				PRODUCT_BUNDLE_IDENTIFIER = app.ibirori.rw.Carousels;
				PRODUCT_NAME = "$(TARGET_NAME)";
				SWIFT_EMIT_LOC_STRINGS = YES;
				SWIFT_VERSION = 5.0;
				TARGETED_DEVICE_FAMILY = "1,2";
			};
			name = Debug;
		};
		F4A943512A08EF28002E979D /* Release */ = {
			isa = XCBuildConfiguration;
			buildSettings = {
				ASSETCATALOG_COMPILER_APPICON_NAME = AppIcon;
				ASSETCATALOG_COMPILER_GLOBAL_ACCENT_COLOR_NAME = AccentColor;
				CODE_SIGN_STYLE = Automatic;
				CURRENT_PROJECT_VERSION = 1;
				DEVELOPMENT_ASSET_PATHS = "\"Carousels/Preview Content\"";
				DEVELOPMENT_TEAM = N2987QJ72C;
				ENABLE_PREVIEWS = YES;
				GENERATE_INFOPLIST_FILE = YES;
				INFOPLIST_KEY_UIApplicationSceneManifest_Generation = YES;
				INFOPLIST_KEY_UIApplicationSupportsIndirectInputEvents = YES;
				INFOPLIST_KEY_UILaunchScreen_Generation = YES;
				INFOPLIST_KEY_UISupportedInterfaceOrientations_iPad = "UIInterfaceOrientationPortrait UIInterfaceOrientationPortraitUpsideDown UIInterfaceOrientationLandscapeLeft UIInterfaceOrientationLandscapeRight";
				INFOPLIST_KEY_UISupportedInterfaceOrientations_iPhone = "UIInterfaceOrientationPortrait UIInterfaceOrientationLandscapeLeft UIInterfaceOrientationLandscapeRight";
				LD_RUNPATH_SEARCH_PATHS = (
					"$(inherited)",
					"@executable_path/Frameworks",
				);
				MARKETING_VERSION = 1.0;
				PRODUCT_BUNDLE_IDENTIFIER = app.ibirori.rw.Carousels;
				PRODUCT_NAME = "$(TARGET_NAME)";
				SWIFT_EMIT_LOC_STRINGS = YES;
				SWIFT_VERSION = 5.0;
				TARGETED_DEVICE_FAMILY = "1,2";
			};
			name = Release;
		};
		F4A943532A08EF28002E979D /* Debug */ = {
			isa = XCBuildConfiguration;
			buildSettings = {
				ALWAYS_EMBED_SWIFT_STANDARD_LIBRARIES = YES;
				BUNDLE_LOADER = "$(TEST_HOST)";
				CODE_SIGN_STYLE = Automatic;
				CURRENT_PROJECT_VERSION = 1;
				DEVELOPMENT_TEAM = N2987QJ72C;
				GENERATE_INFOPLIST_FILE = YES;
				IPHONEOS_DEPLOYMENT_TARGET = 16.2;
				MARKETING_VERSION = 1.0;
				PRODUCT_BUNDLE_IDENTIFIER = app.ibirori.rw.CarouselsTests;
				PRODUCT_NAME = "$(TARGET_NAME)";
				SWIFT_EMIT_LOC_STRINGS = NO;
				SWIFT_VERSION = 5.0;
				TARGETED_DEVICE_FAMILY = "1,2";
				TEST_HOST = "$(BUILT_PRODUCTS_DIR)/Carousels.app/$(BUNDLE_EXECUTABLE_FOLDER_PATH)/Carousels";
			};
			name = Debug;
		};
		F4A943542A08EF28002E979D /* Release */ = {
			isa = XCBuildConfiguration;
			buildSettings = {
				ALWAYS_EMBED_SWIFT_STANDARD_LIBRARIES = YES;
				BUNDLE_LOADER = "$(TEST_HOST)";
				CODE_SIGN_STYLE = Automatic;
				CURRENT_PROJECT_VERSION = 1;
				DEVELOPMENT_TEAM = N2987QJ72C;
				GENERATE_INFOPLIST_FILE = YES;
				IPHONEOS_DEPLOYMENT_TARGET = 16.2;
				MARKETING_VERSION = 1.0;
				PRODUCT_BUNDLE_IDENTIFIER = app.ibirori.rw.CarouselsTests;
				PRODUCT_NAME = "$(TARGET_NAME)";
				SWIFT_EMIT_LOC_STRINGS = NO;
				SWIFT_VERSION = 5.0;
				TARGETED_DEVICE_FAMILY = "1,2";
				TEST_HOST = "$(BUILT_PRODUCTS_DIR)/Carousels.app/$(BUNDLE_EXECUTABLE_FOLDER_PATH)/Carousels";
			};
			name = Release;
		};
		F4A943562A08EF28002E979D /* Debug */ = {
			isa = XCBuildConfiguration;
			buildSettings = {
				ALWAYS_EMBED_SWIFT_STANDARD_LIBRARIES = YES;
				CODE_SIGN_STYLE = Automatic;
				CURRENT_PROJECT_VERSION = 1;
				DEVELOPMENT_TEAM = N2987QJ72C;
				GENERATE_INFOPLIST_FILE = YES;
				MARKETING_VERSION = 1.0;
				PRODUCT_BUNDLE_IDENTIFIER = app.ibirori.rw.CarouselsUITests;
				PRODUCT_NAME = "$(TARGET_NAME)";
				SWIFT_EMIT_LOC_STRINGS = NO;
				SWIFT_VERSION = 5.0;
				TARGETED_DEVICE_FAMILY = "1,2";
				TEST_TARGET_NAME = Carousels;
			};
			name = Debug;
		};
		F4A943572A08EF28002E979D /* Release */ = {
			isa = XCBuildConfiguration;
			buildSettings = {
				ALWAYS_EMBED_SWIFT_STANDARD_LIBRARIES = YES;
				CODE_SIGN_STYLE = Automatic;
				CURRENT_PROJECT_VERSION = 1;
				DEVELOPMENT_TEAM = N2987QJ72C;
				GENERATE_INFOPLIST_FILE = YES;
				MARKETING_VERSION = 1.0;
				PRODUCT_BUNDLE_IDENTIFIER = app.ibirori.rw.CarouselsUITests;
				PRODUCT_NAME = "$(TARGET_NAME)";
				SWIFT_EMIT_LOC_STRINGS = NO;
				SWIFT_VERSION = 5.0;
				TARGETED_DEVICE_FAMILY = "1,2";
				TEST_TARGET_NAME = Carousels;
			};
			name = Release;
		};
/* End XCBuildConfiguration section */

/* Begin XCConfigurationList section */
		F4A943262A08EF22002E979D /* Build configuration list for PBXProject "Carousels" */ = {
			isa = XCConfigurationList;
			buildConfigurations = (
				F4A9434D2A08EF28002E979D /* Debug */,
				F4A9434E2A08EF28002E979D /* Release */,
			);
			defaultConfigurationIsVisible = 0;
			defaultConfigurationName = Release;
		};
		F4A9434F2A08EF28002E979D /* Build configuration list for PBXNativeTarget "Carousels" */ = {
			isa = XCConfigurationList;
			buildConfigurations = (
				F4A943502A08EF28002E979D /* Debug */,
				F4A943512A08EF28002E979D /* Release */,
			);
			defaultConfigurationIsVisible = 0;
			defaultConfigurationName = Release;
		};
		F4A943522A08EF28002E979D /* Build configuration list for PBXNativeTarget "CarouselsTests" */ = {
			isa = XCConfigurationList;
			buildConfigurations = (
				F4A943532A08EF28002E979D /* Debug */,
				F4A943542A08EF28002E979D /* Release */,
			);
			defaultConfigurationIsVisible = 0;
			defaultConfigurationName = Release;
		};
		F4A943552A08EF28002E979D /* Build configuration list for PBXNativeTarget "CarouselsUITests" */ = {
			isa = XCConfigurationList;
			buildConfigurations = (
				F4A943562A08EF28002E979D /* Debug */,
				F4A943572A08EF28002E979D /* Release */,
			);
			defaultConfigurationIsVisible = 0;
			defaultConfigurationName = Release;
		};
/* End XCConfigurationList section */
	};
	rootObject = F4A943232A08EF22002E979D /* Project object */;
}
